// !$*UTF8*$!
{
	archiveVersion = 1;
	classes = {
	};
	objectVersion = 50;
	objects = {

/* Begin PBXBuildFile section */
		B7A52E0F25FF388C00EF8BC2 /* AppDelegate.m in Sources */ = {isa = PBXBuildFile; fileRef = B7A52E0E25FF388C00EF8BC2 /* AppDelegate.m */; };
		B7A52E1525FF388C00EF8BC2 /* ViewController.m in Sources */ = {isa = PBXBuildFile; fileRef = B7A52E1425FF388C00EF8BC2 /* ViewController.m */; };
		B7A52E1825FF388C00EF8BC2 /* Main.storyboard in Resources */ = {isa = PBXBuildFile; fileRef = B7A52E1625FF388C00EF8BC2 /* Main.storyboard */; };
		B7A52E1A25FF388E00EF8BC2 /* Assets.xcassets in Resources */ = {isa = PBXBuildFile; fileRef = B7A52E1925FF388E00EF8BC2 /* Assets.xcassets */; };
		B7A52E1D25FF388E00EF8BC2 /* LaunchScreen.storyboard in Resources */ = {isa = PBXBuildFile; fileRef = B7A52E1B25FF388E00EF8BC2 /* LaunchScreen.storyboard */; };
		B7A52E2025FF388E00EF8BC2 /* main.m in Sources */ = {isa = PBXBuildFile; fileRef = B7A52E1F25FF388E00EF8BC2 /* main.m */; };
		B7A52F9625FF506700EF8BC2 /* Shader.vsh in Resources */ = {isa = PBXBuildFile; fileRef = B7A52F9525FF506700EF8BC2 /* Shader.vsh */; };
		B7A52F9A25FF517F00EF8BC2 /* Shader.fsh in Resources */ = {isa = PBXBuildFile; fileRef = B7A52F9925FF517F00EF8BC2 /* Shader.fsh */; };
		B7A52FA82600508D00EF8BC2 /* HCGLKView01.m in Sources */ = {isa = PBXBuildFile; fileRef = B7A52FA72600508D00EF8BC2 /* HCGLKView01.m */; };
		B7A52FAE260085DE00EF8BC2 /* GameController.framework in Frameworks */ = {isa = PBXBuildFile; fileRef = B7A52FAD260085DE00EF8BC2 /* GameController.framework */; };
		B7A52FB52600C8D200EF8BC2 /* HCGLKView02.m in Sources */ = {isa = PBXBuildFile; fileRef = B7A52FB42600C8D200EF8BC2 /* HCGLKView02.m */; };
		B7A52FB82600CFCB00EF8BC2 /* player.png in Resources */ = {isa = PBXBuildFile; fileRef = B7A52FB72600CFCB00EF8BC2 /* player.png */; };
		B7A52FBB2600CFD600EF8BC2 /* body.png in Resources */ = {isa = PBXBuildFile; fileRef = B7A52FBA2600CFD600EF8BC2 /* body.png */; };
/* End PBXBuildFile section */

/* Begin PBXFileReference section */
		B7A52E0A25FF388C00EF8BC2 /* OpenGLDemo.app */ = {isa = PBXFileReference; explicitFileType = wrapper.application; includeInIndex = 0; path = OpenGLDemo.app; sourceTree = BUILT_PRODUCTS_DIR; };
		B7A52E0D25FF388C00EF8BC2 /* AppDelegate.h */ = {isa = PBXFileReference; lastKnownFileType = sourcecode.c.h; path = AppDelegate.h; sourceTree = "<group>"; };
		B7A52E0E25FF388C00EF8BC2 /* AppDelegate.m */ = {isa = PBXFileReference; lastKnownFileType = sourcecode.c.objc; path = AppDelegate.m; sourceTree = "<group>"; };
		B7A52E1325FF388C00EF8BC2 /* ViewController.h */ = {isa = PBXFileReference; lastKnownFileType = sourcecode.c.h; path = ViewController.h; sourceTree = "<group>"; };
		B7A52E1425FF388C00EF8BC2 /* ViewController.m */ = {isa = PBXFileReference; lastKnownFileType = sourcecode.c.objc; path = ViewController.m; sourceTree = "<group>"; };
		B7A52E1725FF388C00EF8BC2 /* Base */ = {isa = PBXFileReference; lastKnownFileType = file.storyboard; name = Base; path = Base.lproj/Main.storyboard; sourceTree = "<group>"; };
		B7A52E1925FF388E00EF8BC2 /* Assets.xcassets */ = {isa = PBXFileReference; lastKnownFileType = folder.assetcatalog; path = Assets.xcassets; sourceTree = "<group>"; };
		B7A52E1C25FF388E00EF8BC2 /* Base */ = {isa = PBXFileReference; lastKnownFileType = file.storyboard; name = Base; path = Base.lproj/LaunchScreen.storyboard; sourceTree = "<group>"; };
		B7A52E1E25FF388E00EF8BC2 /* Info.plist */ = {isa = PBXFileReference; lastKnownFileType = text.plist.xml; path = Info.plist; sourceTree = "<group>"; };
		B7A52E1F25FF388E00EF8BC2 /* main.m */ = {isa = PBXFileReference; lastKnownFileType = sourcecode.c.objc; path = main.m; sourceTree = "<group>"; };
		B7A52F9525FF506700EF8BC2 /* Shader.vsh */ = {isa = PBXFileReference; lastKnownFileType = sourcecode.glsl; path = Shader.vsh; sourceTree = "<group>"; };
		B7A52F9925FF517F00EF8BC2 /* Shader.fsh */ = {isa = PBXFileReference; lastKnownFileType = sourcecode.glsl; path = Shader.fsh; sourceTree = "<group>"; };
		B7A52FA62600508D00EF8BC2 /* HCGLKView01.h */ = {isa = PBXFileReference; lastKnownFileType = sourcecode.c.h; path = HCGLKView01.h; sourceTree = "<group>"; };
		B7A52FA72600508D00EF8BC2 /* HCGLKView01.m */ = {isa = PBXFileReference; lastKnownFileType = sourcecode.c.objc; path = HCGLKView01.m; sourceTree = "<group>"; };
		B7A52FAA2600859400EF8BC2 /* OpenGLDemo.entitlements */ = {isa = PBXFileReference; lastKnownFileType = text.plist.entitlements; path = OpenGLDemo.entitlements; sourceTree = "<group>"; };
		B7A52FAD260085DE00EF8BC2 /* GameController.framework */ = {isa = PBXFileReference; lastKnownFileType = wrapper.framework; name = GameController.framework; path = System/Library/Frameworks/GameController.framework; sourceTree = SDKROOT; };
		B7A52FB32600C8D200EF8BC2 /* HCGLKView02.h */ = {isa = PBXFileReference; lastKnownFileType = sourcecode.c.h; path = HCGLKView02.h; sourceTree = "<group>"; };
		B7A52FB42600C8D200EF8BC2 /* HCGLKView02.m */ = {isa = PBXFileReference; lastKnownFileType = sourcecode.c.objc; path = HCGLKView02.m; sourceTree = "<group>"; };
		B7A52FB72600CFCB00EF8BC2 /* player.png */ = {isa = PBXFileReference; lastKnownFileType = image.png; name = player.png; path = Assets.xcassets/head.imageset/player.png; sourceTree = "<group>"; };
		B7A52FBA2600CFD600EF8BC2 /* body.png */ = {isa = PBXFileReference; lastKnownFileType = image.png; name = body.png; path = Assets.xcassets/body.imageset/body.png; sourceTree = "<group>"; };
/* End PBXFileReference section */

/* Begin PBXFrameworksBuildPhase section */
		B7A52E0725FF388C00EF8BC2 /* Frameworks */ = {
			isa = PBXFrameworksBuildPhase;
			buildActionMask = 2147483647;
			files = (
				B7A52FAE260085DE00EF8BC2 /* GameController.framework in Frameworks */,
			);
			runOnlyForDeploymentPostprocessing = 0;
		};
/* End PBXFrameworksBuildPhase section */

/* Begin PBXGroup section */
		B75CD2F62603446F00AEE498 /* snake */ = {
			isa = PBXGroup;
			children = (
				B75CD2F72603447C00AEE498 /* Manager */,
			);
			path = snake;
			sourceTree = "<group>";
		};
		B75CD2F72603447C00AEE498 /* Manager */ = {
			isa = PBXGroup;
			children = (
			);
			path = Manager;
			sourceTree = "<group>";
		};
		B7A52E0125FF388C00EF8BC2 = {
			isa = PBXGroup;
			children = (
				B7A52E0C25FF388C00EF8BC2 /* OpenGLDemo */,
				B7A52E0B25FF388C00EF8BC2 /* Products */,
				B7A52FAC260085DE00EF8BC2 /* Frameworks */,
			);
			sourceTree = "<group>";
		};
		B7A52E0B25FF388C00EF8BC2 /* Products */ = {
			isa = PBXGroup;
			children = (
				B7A52E0A25FF388C00EF8BC2 /* OpenGLDemo.app */,
			);
			name = Products;
			sourceTree = "<group>";
		};
		B7A52E0C25FF388C00EF8BC2 /* OpenGLDemo */ = {
			isa = PBXGroup;
			children = (
				B7A52FAA2600859400EF8BC2 /* OpenGLDemo.entitlements */,
				B7A53144260227B500EF8BC2 /* study */,
				B75CD2F62603446F00AEE498 /* snake */,
				B7A52E0D25FF388C00EF8BC2 /* AppDelegate.h */,
				B7A52E0E25FF388C00EF8BC2 /* AppDelegate.m */,
				B7A52E1325FF388C00EF8BC2 /* ViewController.h */,
				B7A52E1425FF388C00EF8BC2 /* ViewController.m */,
				B7A52FB72600CFCB00EF8BC2 /* player.png */,
				B7A52FBA2600CFD600EF8BC2 /* body.png */,
				B7A52E1625FF388C00EF8BC2 /* Main.storyboard */,
				B7A52E1925FF388E00EF8BC2 /* Assets.xcassets */,
				B7A52E1B25FF388E00EF8BC2 /* LaunchScreen.storyboard */,
				B7A52E1E25FF388E00EF8BC2 /* Info.plist */,
				B7A52E1F25FF388E00EF8BC2 /* main.m */,
			);
			path = OpenGLDemo;
			sourceTree = "<group>";
		};
		B7A52FAC260085DE00EF8BC2 /* Frameworks */ = {
			isa = PBXGroup;
			children = (
				B7A52FAD260085DE00EF8BC2 /* GameController.framework */,
			);
			name = Frameworks;
			sourceTree = "<group>";
		};
		B7A53144260227B500EF8BC2 /* study */ = {
			isa = PBXGroup;
			children = (
				B7A52F9525FF506700EF8BC2 /* Shader.vsh */,
				B7A52F9925FF517F00EF8BC2 /* Shader.fsh */,
				B7A52FA62600508D00EF8BC2 /* HCGLKView01.h */,
				B7A52FA72600508D00EF8BC2 /* HCGLKView01.m */,
				B7A52FB32600C8D200EF8BC2 /* HCGLKView02.h */,
				B7A52FB42600C8D200EF8BC2 /* HCGLKView02.m */,
			);
			path = study;
			sourceTree = "<group>";
		};
/* End PBXGroup section */

/* Begin PBXNativeTarget section */
		B7A52E0925FF388C00EF8BC2 /* OpenGLDemo */ = {
			isa = PBXNativeTarget;
			buildConfigurationList = B7A52E2325FF388E00EF8BC2 /* Build configuration list for PBXNativeTarget "OpenGLDemo" */;
			buildPhases = (
				B7A52E0625FF388C00EF8BC2 /* Sources */,
				B7A52E0725FF388C00EF8BC2 /* Frameworks */,
				B7A52E0825FF388C00EF8BC2 /* Resources */,
			);
			buildRules = (
			);
			dependencies = (
			);
			name = OpenGLDemo;
			productName = OpenGLDemo;
			productReference = B7A52E0A25FF388C00EF8BC2 /* OpenGLDemo.app */;
			productType = "com.apple.product-type.application";
		};
/* End PBXNativeTarget section */

/* Begin PBXProject section */
		B7A52E0225FF388C00EF8BC2 /* Project object */ = {
			isa = PBXProject;
			attributes = {
				LastUpgradeCheck = 1240;
				TargetAttributes = {
					B7A52E0925FF388C00EF8BC2 = {
						CreatedOnToolsVersion = 12.4;
					};
				};
			};
			buildConfigurationList = B7A52E0525FF388C00EF8BC2 /* Build configuration list for PBXProject "OpenGLDemo" */;
			compatibilityVersion = "Xcode 9.3";
			developmentRegion = en;
			hasScannedForEncodings = 0;
			knownRegions = (
				en,
				Base,
			);
			mainGroup = B7A52E0125FF388C00EF8BC2;
			productRefGroup = B7A52E0B25FF388C00EF8BC2 /* Products */;
			projectDirPath = "";
			projectRoot = "";
			targets = (
				B7A52E0925FF388C00EF8BC2 /* OpenGLDemo */,
			);
		};
/* End PBXProject section */

/* Begin PBXResourcesBuildPhase section */
		B7A52E0825FF388C00EF8BC2 /* Resources */ = {
			isa = PBXResourcesBuildPhase;
			buildActionMask = 2147483647;
			files = (
				B7A52F9625FF506700EF8BC2 /* Shader.vsh in Resources */,
				B7A52E1D25FF388E00EF8BC2 /* LaunchScreen.storyboard in Resources */,
				B7A52FB82600CFCB00EF8BC2 /* player.png in Resources */,
				B7A52FBB2600CFD600EF8BC2 /* body.png in Resources */,
				B7A52E1A25FF388E00EF8BC2 /* Assets.xcassets in Resources */,
				B7A52E1825FF388C00EF8BC2 /* Main.storyboard in Resources */,
				B7A52F9A25FF517F00EF8BC2 /* Shader.fsh in Resources */,
			);
			runOnlyForDeploymentPostprocessing = 0;
		};
/* End PBXResourcesBuildPhase section */

/* Begin PBXSourcesBuildPhase section */
		B7A52E0625FF388C00EF8BC2 /* Sources */ = {
			isa = PBXSourcesBuildPhase;
			buildActionMask = 2147483647;
			files = (
				B7A52E1525FF388C00EF8BC2 /* ViewController.m in Sources */,
				B7A52FA82600508D00EF8BC2 /* HCGLKView01.m in Sources */,
				B7A52E0F25FF388C00EF8BC2 /* AppDelegate.m in Sources */,
				B7A52E2025FF388E00EF8BC2 /* main.m in Sources */,
				B7A52FB52600C8D200EF8BC2 /* HCGLKView02.m in Sources */,
			);
			runOnlyForDeploymentPostprocessing = 0;
		};
/* End PBXSourcesBuildPhase section */

/* Begin PBXVariantGroup section */
		B7A52E1625FF388C00EF8BC2 /* Main.storyboard */ = {
			isa = PBXVariantGroup;
			children = (
				B7A52E1725FF388C00EF8BC2 /* Base */,
			);
			name = Main.storyboard;
			sourceTree = "<group>";
		};
		B7A52E1B25FF388E00EF8BC2 /* LaunchScreen.storyboard */ = {
			isa = PBXVariantGroup;
			children = (
				B7A52E1C25FF388E00EF8BC2 /* Base */,
			);
			name = LaunchScreen.storyboard;
			sourceTree = "<group>";
		};
/* End PBXVariantGroup section */

/* Begin XCBuildConfiguration section */
		B7A52E2125FF388E00EF8BC2 /* Debug */ = {
			isa = XCBuildConfiguration;
			buildSettings = {
				ALWAYS_SEARCH_USER_PATHS = NO;
				CLANG_ANALYZER_NONNULL = YES;
				CLANG_ANALYZER_NUMBER_OBJECT_CONVERSION = YES_AGGRESSIVE;
				CLANG_CXX_LANGUAGE_STANDARD = "gnu++14";
				CLANG_CXX_LIBRARY = "libc++";
				CLANG_ENABLE_MODULES = YES;
				CLANG_ENABLE_OBJC_ARC = YES;
				CLANG_ENABLE_OBJC_WEAK = YES;
				CLANG_WARN_BLOCK_CAPTURE_AUTORELEASING = YES;
				CLANG_WARN_BOOL_CONVERSION = YES;
				CLANG_WARN_COMMA = YES;
				CLANG_WARN_CONSTANT_CONVERSION = YES;
				CLANG_WARN_DEPRECATED_OBJC_IMPLEMENTATIONS = YES;
				CLANG_WARN_DIRECT_OBJC_ISA_USAGE = YES_ERROR;
				CLANG_WARN_DOCUMENTATION_COMMENTS = YES;
				CLANG_WARN_EMPTY_BODY = YES;
				CLANG_WARN_ENUM_CONVERSION = YES;
				CLANG_WARN_INFINITE_RECURSION = YES;
				CLANG_WARN_INT_CONVERSION = YES;
				CLANG_WARN_NON_LITERAL_NULL_CONVERSION = YES;
				CLANG_WARN_OBJC_IMPLICIT_RETAIN_SELF = YES;
				CLANG_WARN_OBJC_LITERAL_CONVERSION = YES;
				CLANG_WARN_OBJC_ROOT_CLASS = YES_ERROR;
				CLANG_WARN_QUOTED_INCLUDE_IN_FRAMEWORK_HEADER = YES;
				CLANG_WARN_RANGE_LOOP_ANALYSIS = YES;
				CLANG_WARN_STRICT_PROTOTYPES = YES;
				CLANG_WARN_SUSPICIOUS_MOVE = YES;
				CLANG_WARN_UNGUARDED_AVAILABILITY = YES_AGGRESSIVE;
				CLANG_WARN_UNREACHABLE_CODE = YES;
				CLANG_WARN__DUPLICATE_METHOD_MATCH = YES;
				COPY_PHASE_STRIP = NO;
				DEBUG_INFORMATION_FORMAT = dwarf;
				ENABLE_STRICT_OBJC_MSGSEND = YES;
				ENABLE_TESTABILITY = YES;
				GCC_C_LANGUAGE_STANDARD = gnu11;
				GCC_DYNAMIC_NO_PIC = NO;
				GCC_NO_COMMON_BLOCKS = YES;
				GCC_OPTIMIZATION_LEVEL = 0;
				GCC_PREPROCESSOR_DEFINITIONS = (
					"DEBUG=1",
					"$(inherited)",
				);
				GCC_WARN_64_TO_32_BIT_CONVERSION = YES;
				GCC_WARN_ABOUT_RETURN_TYPE = YES_ERROR;
				GCC_WARN_UNDECLARED_SELECTOR = YES;
				GCC_WARN_UNINITIALIZED_AUTOS = YES_AGGRESSIVE;
				GCC_WARN_UNUSED_FUNCTION = YES;
				GCC_WARN_UNUSED_VARIABLE = YES;
				IPHONEOS_DEPLOYMENT_TARGET = 10.0;
				MTL_ENABLE_DEBUG_INFO = INCLUDE_SOURCE;
				MTL_FAST_MATH = YES;
				ONLY_ACTIVE_ARCH = YES;
				SDKROOT = iphoneos;
			};
			name = Debug;
		};
		B7A52E2225FF388E00EF8BC2 /* Release */ = {
			isa = XCBuildConfiguration;
			buildSettings = {
				ALWAYS_SEARCH_USER_PATHS = NO;
				CLANG_ANALYZER_NONNULL = YES;
				CLANG_ANALYZER_NUMBER_OBJECT_CONVERSION = YES_AGGRESSIVE;
				CLANG_CXX_LANGUAGE_STANDARD = "gnu++14";
				CLANG_CXX_LIBRARY = "libc++";
				CLANG_ENABLE_MODULES = YES;
				CLANG_ENABLE_OBJC_ARC = YES;
				CLANG_ENABLE_OBJC_WEAK = YES;
				CLANG_WARN_BLOCK_CAPTURE_AUTORELEASING = YES;
				CLANG_WARN_BOOL_CONVERSION = YES;
				CLANG_WARN_COMMA = YES;
				CLANG_WARN_CONSTANT_CONVERSION = YES;
				CLANG_WARN_DEPRECATED_OBJC_IMPLEMENTATIONS = YES;
				CLANG_WARN_DIRECT_OBJC_ISA_USAGE = YES_ERROR;
				CLANG_WARN_DOCUMENTATION_COMMENTS = YES;
				CLANG_WARN_EMPTY_BODY = YES;
				CLANG_WARN_ENUM_CONVERSION = YES;
				CLANG_WARN_INFINITE_RECURSION = YES;
				CLANG_WARN_INT_CONVERSION = YES;
				CLANG_WARN_NON_LITERAL_NULL_CONVERSION = YES;
				CLANG_WARN_OBJC_IMPLICIT_RETAIN_SELF = YES;
				CLANG_WARN_OBJC_LITERAL_CONVERSION = YES;
				CLANG_WARN_OBJC_ROOT_CLASS = YES_ERROR;
				CLANG_WARN_QUOTED_INCLUDE_IN_FRAMEWORK_HEADER = YES;
				CLANG_WARN_RANGE_LOOP_ANALYSIS = YES;
				CLANG_WARN_STRICT_PROTOTYPES = YES;
				CLANG_WARN_SUSPICIOUS_MOVE = YES;
				CLANG_WARN_UNGUARDED_AVAILABILITY = YES_AGGRESSIVE;
				CLANG_WARN_UNREACHABLE_CODE = YES;
				CLANG_WARN__DUPLICATE_METHOD_MATCH = YES;
				COPY_PHASE_STRIP = NO;
				DEBUG_INFORMATION_FORMAT = "dwarf-with-dsym";
				ENABLE_NS_ASSERTIONS = NO;
				ENABLE_STRICT_OBJC_MSGSEND = YES;
				GCC_C_LANGUAGE_STANDARD = gnu11;
				GCC_NO_COMMON_BLOCKS = YES;
				GCC_WARN_64_TO_32_BIT_CONVERSION = YES;
				GCC_WARN_ABOUT_RETURN_TYPE = YES_ERROR;
				GCC_WARN_UNDECLARED_SELECTOR = YES;
				GCC_WARN_UNINITIALIZED_AUTOS = YES_AGGRESSIVE;
				GCC_WARN_UNUSED_FUNCTION = YES;
				GCC_WARN_UNUSED_VARIABLE = YES;
				IPHONEOS_DEPLOYMENT_TARGET = 10.0;
				MTL_ENABLE_DEBUG_INFO = NO;
				MTL_FAST_MATH = YES;
				SDKROOT = iphoneos;
				VALIDATE_PRODUCT = YES;
			};
			name = Release;
		};
		B7A52E2425FF388E00EF8BC2 /* Debug */ = {
			isa = XCBuildConfiguration;
			buildSettings = {
				ASSETCATALOG_COMPILER_APPICON_NAME = AppIcon;
				ASSETCATALOG_COMPILER_GLOBAL_ACCENT_COLOR_NAME = AccentColor;
				CODE_SIGN_ENTITLEMENTS = OpenGLDemo/OpenGLDemo.entitlements;
				CODE_SIGN_STYLE = Automatic;
				DEVELOPMENT_TEAM = 887YJJS9Q7;
				INFOPLIST_FILE = OpenGLDemo/Info.plist;
				LD_RUNPATH_SEARCH_PATHS = (
					"$(inherited)",
					"@executable_path/Frameworks",
				);
				PRODUCT_BUNDLE_IDENTIFIER = com.HC.OpenGLDemo;
				PRODUCT_NAME = "$(TARGET_NAME)";
				TARGETED_DEVICE_FAMILY = "1,2";
			};
			name = Debug;
		};
		B7A52E2525FF388E00EF8BC2 /* Release */ = {
			isa = XCBuildConfiguration;
			buildSettings = {
				ASSETCATALOG_COMPILER_APPICON_NAME = AppIcon;
				ASSETCATALOG_COMPILER_GLOBAL_ACCENT_COLOR_NAME = AccentColor;
				CODE_SIGN_ENTITLEMENTS = OpenGLDemo/OpenGLDemo.entitlements;
				CODE_SIGN_STYLE = Automatic;
				DEVELOPMENT_TEAM = 887YJJS9Q7;
				INFOPLIST_FILE = OpenGLDemo/Info.plist;
				LD_RUNPATH_SEARCH_PATHS = (
					"$(inherited)",
					"@executable_path/Frameworks",
				);
				PRODUCT_BUNDLE_IDENTIFIER = com.HC.OpenGLDemo;
				PRODUCT_NAME = "$(TARGET_NAME)";
				TARGETED_DEVICE_FAMILY = "1,2";
			};
			name = Release;
		};
/* End XCBuildConfiguration section */

/* Begin XCConfigurationList section */
		B7A52E0525FF388C00EF8BC2 /* Build configuration list for PBXProject "OpenGLDemo" */ = {
			isa = XCConfigurationList;
			buildConfigurations = (
				B7A52E2125FF388E00EF8BC2 /* Debug */,
				B7A52E2225FF388E00EF8BC2 /* Release */,
			);
			defaultConfigurationIsVisible = 0;
			defaultConfigurationName = Release;
		};
		B7A52E2325FF388E00EF8BC2 /* Build configuration list for PBXNativeTarget "OpenGLDemo" */ = {
			isa = XCConfigurationList;
			buildConfigurations = (
				B7A52E2425FF388E00EF8BC2 /* Debug */,
				B7A52E2525FF388E00EF8BC2 /* Release */,
			);
			defaultConfigurationIsVisible = 0;
			defaultConfigurationName = Release;
		};
/* End XCConfigurationList section */
	};
	rootObject = B7A52E0225FF388C00EF8BC2 /* Project object */;
}
