// !$*UTF8*$!
{
	archiveVersion = 1;
	classes = {
	};
	objectVersion = 50;
	objects = {

/* Begin PBXBuildFile section */
		B7441A5E25E51F4500A12BAA /* HCSnakeViewController.m in Sources */ = {isa = PBXBuildFile; fileRef = B7441A5C25E51F4500A12BAA /* HCSnakeViewController.m */; };
		B7441A5F25E51F4500A12BAA /* HCSnakeViewController.xib in Resources */ = {isa = PBXBuildFile; fileRef = B7441A5D25E51F4500A12BAA /* HCSnakeViewController.xib */; };
		B7441A6425E5207900A12BAA /* HCSnakeScene.m in Sources */ = {isa = PBXBuildFile; fileRef = B7441A6325E5207900A12BAA /* HCSnakeScene.m */; };
		B78E889225DFD3510077F44A /* AppDelegate.m in Sources */ = {isa = PBXBuildFile; fileRef = B78E889125DFD3510077F44A /* AppDelegate.m */; };
		B78E889825DFD3510077F44A /* ViewController.m in Sources */ = {isa = PBXBuildFile; fileRef = B78E889725DFD3510077F44A /* ViewController.m */; };
		B78E889B25DFD3510077F44A /* Main.storyboard in Resources */ = {isa = PBXBuildFile; fileRef = B78E889925DFD3510077F44A /* Main.storyboard */; };
		B78E889D25DFD3540077F44A /* Assets.xcassets in Resources */ = {isa = PBXBuildFile; fileRef = B78E889C25DFD3540077F44A /* Assets.xcassets */; };
		B78E88A025DFD3540077F44A /* LaunchScreen.storyboard in Resources */ = {isa = PBXBuildFile; fileRef = B78E889E25DFD3540077F44A /* LaunchScreen.storyboard */; };
		B78E88A325DFD3540077F44A /* main.m in Sources */ = {isa = PBXBuildFile; fileRef = B78E88A225DFD3540077F44A /* main.m */; };
		B78E88AE25DFD4160077F44A /* HCScene.m in Sources */ = {isa = PBXBuildFile; fileRef = B78E88AD25DFD4160077F44A /* HCScene.m */; };
		B78E88B225DFD4270077F44A /* HCView.m in Sources */ = {isa = PBXBuildFile; fileRef = B78E88B125DFD4270077F44A /* HCView.m */; };
		B78E88BC25DFD7E10077F44A /* HCSimpleViewController.m in Sources */ = {isa = PBXBuildFile; fileRef = B78E88BB25DFD7E10077F44A /* HCSimpleViewController.m */; };
		B78E88CA25DFDB1F0077F44A /* HCGameViewController.m in Sources */ = {isa = PBXBuildFile; fileRef = B78E88C825DFDB1E0077F44A /* HCGameViewController.m */; };
		B78E88CB25DFDB1F0077F44A /* HCGameViewController.xib in Resources */ = {isa = PBXBuildFile; fileRef = B78E88C925DFDB1F0077F44A /* HCGameViewController.xib */; };
		B78E88D025DFDBEF0077F44A /* HCGameScene.m in Sources */ = {isa = PBXBuildFile; fileRef = B78E88CF25DFDBEF0077F44A /* HCGameScene.m */; };
		B78E88D625E0B7E30077F44A /* HCTriScene.m in Sources */ = {isa = PBXBuildFile; fileRef = B78E88D525E0B7E30077F44A /* HCTriScene.m */; };
		B78E88DC25E0B7F70077F44A /* HCTriViewController.m in Sources */ = {isa = PBXBuildFile; fileRef = B78E88DA25E0B7F70077F44A /* HCTriViewController.m */; };
		B78E88DD25E0B7F70077F44A /* HCTriViewController.xib in Resources */ = {isa = PBXBuildFile; fileRef = B78E88DB25E0B7F70077F44A /* HCTriViewController.xib */; };
/* End PBXBuildFile section */

/* Begin PBXFileReference section */
		B7441A5B25E51F4500A12BAA /* HCSnakeViewController.h */ = {isa = PBXFileReference; lastKnownFileType = sourcecode.c.h; path = HCSnakeViewController.h; sourceTree = "<group>"; };
		B7441A5C25E51F4500A12BAA /* HCSnakeViewController.m */ = {isa = PBXFileReference; lastKnownFileType = sourcecode.c.objc; path = HCSnakeViewController.m; sourceTree = "<group>"; };
		B7441A5D25E51F4500A12BAA /* HCSnakeViewController.xib */ = {isa = PBXFileReference; lastKnownFileType = file.xib; path = HCSnakeViewController.xib; sourceTree = "<group>"; };
		B7441A6225E5207900A12BAA /* HCSnakeScene.h */ = {isa = PBXFileReference; lastKnownFileType = sourcecode.c.h; path = HCSnakeScene.h; sourceTree = "<group>"; };
		B7441A6325E5207900A12BAA /* HCSnakeScene.m */ = {isa = PBXFileReference; lastKnownFileType = sourcecode.c.objc; path = HCSnakeScene.m; sourceTree = "<group>"; };
		B78E888D25DFD3510077F44A /* SpriteKitDemo.app */ = {isa = PBXFileReference; explicitFileType = wrapper.application; includeInIndex = 0; path = SpriteKitDemo.app; sourceTree = BUILT_PRODUCTS_DIR; };
		B78E889025DFD3510077F44A /* AppDelegate.h */ = {isa = PBXFileReference; lastKnownFileType = sourcecode.c.h; path = AppDelegate.h; sourceTree = "<group>"; };
		B78E889125DFD3510077F44A /* AppDelegate.m */ = {isa = PBXFileReference; lastKnownFileType = sourcecode.c.objc; path = AppDelegate.m; sourceTree = "<group>"; };
		B78E889625DFD3510077F44A /* ViewController.h */ = {isa = PBXFileReference; lastKnownFileType = sourcecode.c.h; path = ViewController.h; sourceTree = "<group>"; };
		B78E889725DFD3510077F44A /* ViewController.m */ = {isa = PBXFileReference; lastKnownFileType = sourcecode.c.objc; path = ViewController.m; sourceTree = "<group>"; };
		B78E889A25DFD3510077F44A /* Base */ = {isa = PBXFileReference; lastKnownFileType = file.storyboard; name = Base; path = Base.lproj/Main.storyboard; sourceTree = "<group>"; };
		B78E889C25DFD3540077F44A /* Assets.xcassets */ = {isa = PBXFileReference; lastKnownFileType = folder.assetcatalog; path = Assets.xcassets; sourceTree = "<group>"; };
		B78E889F25DFD3540077F44A /* Base */ = {isa = PBXFileReference; lastKnownFileType = file.storyboard; name = Base; path = Base.lproj/LaunchScreen.storyboard; sourceTree = "<group>"; };
		B78E88A125DFD3540077F44A /* Info.plist */ = {isa = PBXFileReference; lastKnownFileType = text.plist.xml; path = Info.plist; sourceTree = "<group>"; };
		B78E88A225DFD3540077F44A /* main.m */ = {isa = PBXFileReference; lastKnownFileType = sourcecode.c.objc; path = main.m; sourceTree = "<group>"; };
		B78E88AC25DFD4160077F44A /* HCScene.h */ = {isa = PBXFileReference; lastKnownFileType = sourcecode.c.h; path = HCScene.h; sourceTree = "<group>"; };
		B78E88AD25DFD4160077F44A /* HCScene.m */ = {isa = PBXFileReference; lastKnownFileType = sourcecode.c.objc; path = HCScene.m; sourceTree = "<group>"; };
		B78E88B025DFD4270077F44A /* HCView.h */ = {isa = PBXFileReference; lastKnownFileType = sourcecode.c.h; path = HCView.h; sourceTree = "<group>"; };
		B78E88B125DFD4270077F44A /* HCView.m */ = {isa = PBXFileReference; lastKnownFileType = sourcecode.c.objc; path = HCView.m; sourceTree = "<group>"; };
		B78E88BA25DFD7E10077F44A /* HCSimpleViewController.h */ = {isa = PBXFileReference; lastKnownFileType = sourcecode.c.h; path = HCSimpleViewController.h; sourceTree = "<group>"; };
		B78E88BB25DFD7E10077F44A /* HCSimpleViewController.m */ = {isa = PBXFileReference; lastKnownFileType = sourcecode.c.objc; path = HCSimpleViewController.m; sourceTree = "<group>"; };
		B78E88C725DFDB1E0077F44A /* HCGameViewController.h */ = {isa = PBXFileReference; lastKnownFileType = sourcecode.c.h; path = HCGameViewController.h; sourceTree = "<group>"; };
		B78E88C825DFDB1E0077F44A /* HCGameViewController.m */ = {isa = PBXFileReference; lastKnownFileType = sourcecode.c.objc; path = HCGameViewController.m; sourceTree = "<group>"; };
		B78E88C925DFDB1F0077F44A /* HCGameViewController.xib */ = {isa = PBXFileReference; lastKnownFileType = file.xib; path = HCGameViewController.xib; sourceTree = "<group>"; };
		B78E88CE25DFDBEF0077F44A /* HCGameScene.h */ = {isa = PBXFileReference; lastKnownFileType = sourcecode.c.h; path = HCGameScene.h; sourceTree = "<group>"; };
		B78E88CF25DFDBEF0077F44A /* HCGameScene.m */ = {isa = PBXFileReference; lastKnownFileType = sourcecode.c.objc; path = HCGameScene.m; sourceTree = "<group>"; };
		B78E88D425E0B7E30077F44A /* HCTriScene.h */ = {isa = PBXFileReference; lastKnownFileType = sourcecode.c.h; path = HCTriScene.h; sourceTree = "<group>"; };
		B78E88D525E0B7E30077F44A /* HCTriScene.m */ = {isa = PBXFileReference; lastKnownFileType = sourcecode.c.objc; path = HCTriScene.m; sourceTree = "<group>"; };
		B78E88D925E0B7F70077F44A /* HCTriViewController.h */ = {isa = PBXFileReference; lastKnownFileType = sourcecode.c.h; path = HCTriViewController.h; sourceTree = "<group>"; };
		B78E88DA25E0B7F70077F44A /* HCTriViewController.m */ = {isa = PBXFileReference; lastKnownFileType = sourcecode.c.objc; path = HCTriViewController.m; sourceTree = "<group>"; };
		B78E88DB25E0B7F70077F44A /* HCTriViewController.xib */ = {isa = PBXFileReference; lastKnownFileType = file.xib; path = HCTriViewController.xib; sourceTree = "<group>"; };
/* End PBXFileReference section */

/* Begin PBXFrameworksBuildPhase section */
		B78E888A25DFD3510077F44A /* Frameworks */ = {
			isa = PBXFrameworksBuildPhase;
			buildActionMask = 2147483647;
			files = (
			);
			runOnlyForDeploymentPostprocessing = 0;
		};
/* End PBXFrameworksBuildPhase section */

/* Begin PBXGroup section */
		B7441A5A25E51C5600A12BAA /* SnakeTest */ = {
			isa = PBXGroup;
			children = (
				B7441A5B25E51F4500A12BAA /* HCSnakeViewController.h */,
				B7441A5C25E51F4500A12BAA /* HCSnakeViewController.m */,
				B7441A5D25E51F4500A12BAA /* HCSnakeViewController.xib */,
				B7441A6225E5207900A12BAA /* HCSnakeScene.h */,
				B7441A6325E5207900A12BAA /* HCSnakeScene.m */,
			);
			path = SnakeTest;
			sourceTree = "<group>";
		};
		B78E888425DFD3510077F44A = {
			isa = PBXGroup;
			children = (
				B78E888F25DFD3510077F44A /* SpriteKitDemo */,
				B78E888E25DFD3510077F44A /* Products */,
			);
			sourceTree = "<group>";
		};
		B78E888E25DFD3510077F44A /* Products */ = {
			isa = PBXGroup;
			children = (
				B78E888D25DFD3510077F44A /* SpriteKitDemo.app */,
			);
			name = Products;
			sourceTree = "<group>";
		};
		B78E888F25DFD3510077F44A /* SpriteKitDemo */ = {
			isa = PBXGroup;
			children = (
				B7441A5A25E51C5600A12BAA /* SnakeTest */,
				B78E88D325E0B7980077F44A /* TriTest */,
				B78E88BE25DFD81C0077F44A /* GameTest */,
				B78E88B425DFD6D30077F44A /* simpleTest */,
				B78E889025DFD3510077F44A /* AppDelegate.h */,
				B78E889125DFD3510077F44A /* AppDelegate.m */,
				B78E889625DFD3510077F44A /* ViewController.h */,
				B78E889725DFD3510077F44A /* ViewController.m */,
				B78E889925DFD3510077F44A /* Main.storyboard */,
				B78E889C25DFD3540077F44A /* Assets.xcassets */,
				B78E889E25DFD3540077F44A /* LaunchScreen.storyboard */,
				B78E88A125DFD3540077F44A /* Info.plist */,
				B78E88A225DFD3540077F44A /* main.m */,
			);
			path = SpriteKitDemo;
			sourceTree = "<group>";
		};
		B78E88B425DFD6D30077F44A /* simpleTest */ = {
			isa = PBXGroup;
			children = (
				B78E88AC25DFD4160077F44A /* HCScene.h */,
				B78E88AD25DFD4160077F44A /* HCScene.m */,
				B78E88B025DFD4270077F44A /* HCView.h */,
				B78E88B125DFD4270077F44A /* HCView.m */,
				B78E88BA25DFD7E10077F44A /* HCSimpleViewController.h */,
				B78E88BB25DFD7E10077F44A /* HCSimpleViewController.m */,
			);
			path = simpleTest;
			sourceTree = "<group>";
		};
		B78E88BE25DFD81C0077F44A /* GameTest */ = {
			isa = PBXGroup;
			children = (
				B78E88C725DFDB1E0077F44A /* HCGameViewController.h */,
				B78E88C825DFDB1E0077F44A /* HCGameViewController.m */,
				B78E88C925DFDB1F0077F44A /* HCGameViewController.xib */,
				B78E88CE25DFDBEF0077F44A /* HCGameScene.h */,
				B78E88CF25DFDBEF0077F44A /* HCGameScene.m */,
			);
			path = GameTest;
			sourceTree = "<group>";
		};
		B78E88D325E0B7980077F44A /* TriTest */ = {
			isa = PBXGroup;
			children = (
				B78E88D425E0B7E30077F44A /* HCTriScene.h */,
				B78E88D525E0B7E30077F44A /* HCTriScene.m */,
				B78E88D925E0B7F70077F44A /* HCTriViewController.h */,
				B78E88DA25E0B7F70077F44A /* HCTriViewController.m */,
				B78E88DB25E0B7F70077F44A /* HCTriViewController.xib */,
			);
			path = TriTest;
			sourceTree = "<group>";
		};
/* End PBXGroup section */

/* Begin PBXNativeTarget section */
		B78E888C25DFD3510077F44A /* SpriteKitDemo */ = {
			isa = PBXNativeTarget;
			buildConfigurationList = B78E88A625DFD3540077F44A /* Build configuration list for PBXNativeTarget "SpriteKitDemo" */;
			buildPhases = (
				B78E888925DFD3510077F44A /* Sources */,
				B78E888A25DFD3510077F44A /* Frameworks */,
				B78E888B25DFD3510077F44A /* Resources */,
			);
			buildRules = (
			);
			dependencies = (
			);
			name = SpriteKitDemo;
			productName = SpriteKitDemo;
			productReference = B78E888D25DFD3510077F44A /* SpriteKitDemo.app */;
			productType = "com.apple.product-type.application";
		};
/* End PBXNativeTarget section */

/* Begin PBXProject section */
		B78E888525DFD3510077F44A /* Project object */ = {
			isa = PBXProject;
			attributes = {
				LastUpgradeCheck = 1240;
				TargetAttributes = {
					B78E888C25DFD3510077F44A = {
						CreatedOnToolsVersion = 12.4;
					};
				};
			};
			buildConfigurationList = B78E888825DFD3510077F44A /* Build configuration list for PBXProject "SpriteKitDemo" */;
			compatibilityVersion = "Xcode 9.3";
			developmentRegion = en;
			hasScannedForEncodings = 0;
			knownRegions = (
				en,
				Base,
			);
			mainGroup = B78E888425DFD3510077F44A;
			productRefGroup = B78E888E25DFD3510077F44A /* Products */;
			projectDirPath = "";
			projectRoot = "";
			targets = (
				B78E888C25DFD3510077F44A /* SpriteKitDemo */,
			);
		};
/* End PBXProject section */

/* Begin PBXResourcesBuildPhase section */
		B78E888B25DFD3510077F44A /* Resources */ = {
			isa = PBXResourcesBuildPhase;
			buildActionMask = 2147483647;
			files = (
				B78E88A025DFD3540077F44A /* LaunchScreen.storyboard in Resources */,
				B78E88CB25DFDB1F0077F44A /* HCGameViewController.xib in Resources */,
				B7441A5F25E51F4500A12BAA /* HCSnakeViewController.xib in Resources */,
				B78E88DD25E0B7F70077F44A /* HCTriViewController.xib in Resources */,
				B78E889D25DFD3540077F44A /* Assets.xcassets in Resources */,
				B78E889B25DFD3510077F44A /* Main.storyboard in Resources */,
			);
			runOnlyForDeploymentPostprocessing = 0;
		};
/* End PBXResourcesBuildPhase section */

/* Begin PBXSourcesBuildPhase section */
		B78E888925DFD3510077F44A /* Sources */ = {
			isa = PBXSourcesBuildPhase;
			buildActionMask = 2147483647;
			files = (
				B7441A6425E5207900A12BAA /* HCSnakeScene.m in Sources */,
				B78E889825DFD3510077F44A /* ViewController.m in Sources */,
				B7441A5E25E51F4500A12BAA /* HCSnakeViewController.m in Sources */,
				B78E88AE25DFD4160077F44A /* HCScene.m in Sources */,
				B78E88D625E0B7E30077F44A /* HCTriScene.m in Sources */,
				B78E88DC25E0B7F70077F44A /* HCTriViewController.m in Sources */,
				B78E889225DFD3510077F44A /* AppDelegate.m in Sources */,
				B78E88D025DFDBEF0077F44A /* HCGameScene.m in Sources */,
				B78E88A325DFD3540077F44A /* main.m in Sources */,
				B78E88BC25DFD7E10077F44A /* HCSimpleViewController.m in Sources */,
				B78E88CA25DFDB1F0077F44A /* HCGameViewController.m in Sources */,
				B78E88B225DFD4270077F44A /* HCView.m in Sources */,
			);
			runOnlyForDeploymentPostprocessing = 0;
		};
/* End PBXSourcesBuildPhase section */

/* Begin PBXVariantGroup section */
		B78E889925DFD3510077F44A /* Main.storyboard */ = {
			isa = PBXVariantGroup;
			children = (
				B78E889A25DFD3510077F44A /* Base */,
			);
			name = Main.storyboard;
			sourceTree = "<group>";
		};
		B78E889E25DFD3540077F44A /* LaunchScreen.storyboard */ = {
			isa = PBXVariantGroup;
			children = (
				B78E889F25DFD3540077F44A /* Base */,
			);
			name = LaunchScreen.storyboard;
			sourceTree = "<group>";
		};
/* End PBXVariantGroup section */

/* Begin XCBuildConfiguration section */
		B78E88A425DFD3540077F44A /* Debug */ = {
			isa = XCBuildConfiguration;
			buildSettings = {
				ALWAYS_SEARCH_USER_PATHS = NO;
				CLANG_ANALYZER_NONNULL = YES;
				CLANG_ANALYZER_NUMBER_OBJECT_CONVERSION = YES_AGGRESSIVE;
				CLANG_CXX_LANGUAGE_STANDARD = "gnu++14";
				CLANG_CXX_LIBRARY = "libc++";
				CLANG_ENABLE_MODULES = YES;
				CLANG_ENABLE_OBJC_ARC = YES;
				CLANG_ENABLE_OBJC_WEAK = YES;
				CLANG_WARN_BLOCK_CAPTURE_AUTORELEASING = YES;
				CLANG_WARN_BOOL_CONVERSION = YES;
				CLANG_WARN_COMMA = YES;
				CLANG_WARN_CONSTANT_CONVERSION = YES;
				CLANG_WARN_DEPRECATED_OBJC_IMPLEMENTATIONS = YES;
				CLANG_WARN_DIRECT_OBJC_ISA_USAGE = YES_ERROR;
				CLANG_WARN_DOCUMENTATION_COMMENTS = YES;
				CLANG_WARN_EMPTY_BODY = YES;
				CLANG_WARN_ENUM_CONVERSION = YES;
				CLANG_WARN_INFINITE_RECURSION = YES;
				CLANG_WARN_INT_CONVERSION = YES;
				CLANG_WARN_NON_LITERAL_NULL_CONVERSION = YES;
				CLANG_WARN_OBJC_IMPLICIT_RETAIN_SELF = YES;
				CLANG_WARN_OBJC_LITERAL_CONVERSION = YES;
				CLANG_WARN_OBJC_ROOT_CLASS = YES_ERROR;
				CLANG_WARN_QUOTED_INCLUDE_IN_FRAMEWORK_HEADER = YES;
				CLANG_WARN_RANGE_LOOP_ANALYSIS = YES;
				CLANG_WARN_STRICT_PROTOTYPES = YES;
				CLANG_WARN_SUSPICIOUS_MOVE = YES;
				CLANG_WARN_UNGUARDED_AVAILABILITY = YES_AGGRESSIVE;
				CLANG_WARN_UNREACHABLE_CODE = YES;
				CLANG_WARN__DUPLICATE_METHOD_MATCH = YES;
				COPY_PHASE_STRIP = NO;
				DEBUG_INFORMATION_FORMAT = dwarf;
				ENABLE_STRICT_OBJC_MSGSEND = YES;
				ENABLE_TESTABILITY = YES;
				GCC_C_LANGUAGE_STANDARD = gnu11;
				GCC_DYNAMIC_NO_PIC = NO;
				GCC_NO_COMMON_BLOCKS = YES;
				GCC_OPTIMIZATION_LEVEL = 0;
				GCC_PREPROCESSOR_DEFINITIONS = (
					"DEBUG=1",
					"$(inherited)",
				);
				GCC_WARN_64_TO_32_BIT_CONVERSION = YES;
				GCC_WARN_ABOUT_RETURN_TYPE = YES_ERROR;
				GCC_WARN_UNDECLARED_SELECTOR = YES;
				GCC_WARN_UNINITIALIZED_AUTOS = YES_AGGRESSIVE;
				GCC_WARN_UNUSED_FUNCTION = YES;
				GCC_WARN_UNUSED_VARIABLE = YES;
				IPHONEOS_DEPLOYMENT_TARGET = 10.2;
				MTL_ENABLE_DEBUG_INFO = INCLUDE_SOURCE;
				MTL_FAST_MATH = YES;
				ONLY_ACTIVE_ARCH = YES;
				SDKROOT = iphoneos;
			};
			name = Debug;
		};
		B78E88A525DFD3540077F44A /* Release */ = {
			isa = XCBuildConfiguration;
			buildSettings = {
				ALWAYS_SEARCH_USER_PATHS = NO;
				CLANG_ANALYZER_NONNULL = YES;
				CLANG_ANALYZER_NUMBER_OBJECT_CONVERSION = YES_AGGRESSIVE;
				CLANG_CXX_LANGUAGE_STANDARD = "gnu++14";
				CLANG_CXX_LIBRARY = "libc++";
				CLANG_ENABLE_MODULES = YES;
				CLANG_ENABLE_OBJC_ARC = YES;
				CLANG_ENABLE_OBJC_WEAK = YES;
				CLANG_WARN_BLOCK_CAPTURE_AUTORELEASING = YES;
				CLANG_WARN_BOOL_CONVERSION = YES;
				CLANG_WARN_COMMA = YES;
				CLANG_WARN_CONSTANT_CONVERSION = YES;
				CLANG_WARN_DEPRECATED_OBJC_IMPLEMENTATIONS = YES;
				CLANG_WARN_DIRECT_OBJC_ISA_USAGE = YES_ERROR;
				CLANG_WARN_DOCUMENTATION_COMMENTS = YES;
				CLANG_WARN_EMPTY_BODY = YES;
				CLANG_WARN_ENUM_CONVERSION = YES;
				CLANG_WARN_INFINITE_RECURSION = YES;
				CLANG_WARN_INT_CONVERSION = YES;
				CLANG_WARN_NON_LITERAL_NULL_CONVERSION = YES;
				CLANG_WARN_OBJC_IMPLICIT_RETAIN_SELF = YES;
				CLANG_WARN_OBJC_LITERAL_CONVERSION = YES;
				CLANG_WARN_OBJC_ROOT_CLASS = YES_ERROR;
				CLANG_WARN_QUOTED_INCLUDE_IN_FRAMEWORK_HEADER = YES;
				CLANG_WARN_RANGE_LOOP_ANALYSIS = YES;
				CLANG_WARN_STRICT_PROTOTYPES = YES;
				CLANG_WARN_SUSPICIOUS_MOVE = YES;
				CLANG_WARN_UNGUARDED_AVAILABILITY = YES_AGGRESSIVE;
				CLANG_WARN_UNREACHABLE_CODE = YES;
				CLANG_WARN__DUPLICATE_METHOD_MATCH = YES;
				COPY_PHASE_STRIP = NO;
				DEBUG_INFORMATION_FORMAT = "dwarf-with-dsym";
				ENABLE_NS_ASSERTIONS = NO;
				ENABLE_STRICT_OBJC_MSGSEND = YES;
				GCC_C_LANGUAGE_STANDARD = gnu11;
				GCC_NO_COMMON_BLOCKS = YES;
				GCC_WARN_64_TO_32_BIT_CONVERSION = YES;
				GCC_WARN_ABOUT_RETURN_TYPE = YES_ERROR;
				GCC_WARN_UNDECLARED_SELECTOR = YES;
				GCC_WARN_UNINITIALIZED_AUTOS = YES_AGGRESSIVE;
				GCC_WARN_UNUSED_FUNCTION = YES;
				GCC_WARN_UNUSED_VARIABLE = YES;
				IPHONEOS_DEPLOYMENT_TARGET = 10.2;
				MTL_ENABLE_DEBUG_INFO = NO;
				MTL_FAST_MATH = YES;
				SDKROOT = iphoneos;
				VALIDATE_PRODUCT = YES;
			};
			name = Release;
		};
		B78E88A725DFD3540077F44A /* Debug */ = {
			isa = XCBuildConfiguration;
			buildSettings = {
				ASSETCATALOG_COMPILER_APPICON_NAME = AppIcon;
				ASSETCATALOG_COMPILER_GLOBAL_ACCENT_COLOR_NAME = AccentColor;
				CODE_SIGN_STYLE = Automatic;
				DEVELOPMENT_TEAM = 887YJJS9Q7;
				INFOPLIST_FILE = SpriteKitDemo/Info.plist;
				LD_RUNPATH_SEARCH_PATHS = (
					"$(inherited)",
					"@executable_path/Frameworks",
				);
				PRODUCT_BUNDLE_IDENTIFIER = com.HC.SpriteKitDemo;
				PRODUCT_NAME = "$(TARGET_NAME)";
				TARGETED_DEVICE_FAMILY = "1,2";
			};
			name = Debug;
		};
		B78E88A825DFD3540077F44A /* Release */ = {
			isa = XCBuildConfiguration;
			buildSettings = {
				ASSETCATALOG_COMPILER_APPICON_NAME = AppIcon;
				ASSETCATALOG_COMPILER_GLOBAL_ACCENT_COLOR_NAME = AccentColor;
				CODE_SIGN_STYLE = Automatic;
				DEVELOPMENT_TEAM = 887YJJS9Q7;
				INFOPLIST_FILE = SpriteKitDemo/Info.plist;
				LD_RUNPATH_SEARCH_PATHS = (
					"$(inherited)",
					"@executable_path/Frameworks",
				);
				PRODUCT_BUNDLE_IDENTIFIER = com.HC.SpriteKitDemo;
				PRODUCT_NAME = "$(TARGET_NAME)";
				TARGETED_DEVICE_FAMILY = "1,2";
			};
			name = Release;
		};
/* End XCBuildConfiguration section */

/* Begin XCConfigurationList section */
		B78E888825DFD3510077F44A /* Build configuration list for PBXProject "SpriteKitDemo" */ = {
			isa = XCConfigurationList;
			buildConfigurations = (
				B78E88A425DFD3540077F44A /* Debug */,
				B78E88A525DFD3540077F44A /* Release */,
			);
			defaultConfigurationIsVisible = 0;
			defaultConfigurationName = Release;
		};
		B78E88A625DFD3540077F44A /* Build configuration list for PBXNativeTarget "SpriteKitDemo" */ = {
			isa = XCConfigurationList;
			buildConfigurations = (
				B78E88A725DFD3540077F44A /* Debug */,
				B78E88A825DFD3540077F44A /* Release */,
			);
			defaultConfigurationIsVisible = 0;
			defaultConfigurationName = Release;
		};
/* End XCConfigurationList section */
	};
	rootObject = B78E888525DFD3510077F44A /* Project object */;
}
